
Microsoft Visual Studio Solution File, Format Version 12.00
# Visual Studio Version 17
VisualStudioVersion = 17.3.32929.385
MinimumVisualStudioVersion = 10.0.40219.1
Project("{FAE04EC0-301F-11D3-BF4B-00C04F79EFBC}") = "RegisterStudent", "RegisterStudent.csproj", "{11CB28CF-BCC4-4C87-A253-205133967ADB}"
EndProject
Project("{FAE04EC0-301F-11D3-BF4B-00C04F79EFBC}") = "MongoDataAccess", "..\MongoDataAccess\MongoDataAccess.csproj", "{63FD2D69-453E-4C2B-A792-6C22FBFBA961}"
EndProject
Project("{2150E333-8FDC-42A3-9474-1A3956D46DE8}") = "Solution Items", "Solution Items", "{0495149E-B0A2-4858-B464-204433FB4E77}"
	ProjectSection(SolutionItems) = preProject
		.editorconfig = .editorconfig
	EndProjectSection
EndProject
Global
	GlobalSection(SolutionConfigurationPlatforms) = preSolution
		Debug|Any CPU = Debug|Any CPU
		Release|Any CPU = Release|Any CPU
	EndGlobalSection
	GlobalSection(ProjectConfigurationPlatforms) = postSolution
		{11CB28CF-BCC4-4C87-A253-205133967ADB}.Debug|Any CPU.ActiveCfg = Debug|Any CPU
		{11CB28CF-BCC4-4C87-A253-205133967ADB}.Debug|Any CPU.Build.0 = Debug|Any CPU
		{11CB28CF-BCC4-4C87-A253-205133967ADB}.Release|Any CPU.ActiveCfg = Release|Any CPU
		{11CB28CF-BCC4-4C87-A253-205133967ADB}.Release|Any CPU.Build.0 = Release|Any CPU
		{63FD2D69-453E-4C2B-A792-6C22FBFBA961}.Debug|Any CPU.ActiveCfg = Debug|Any CPU
		{63FD2D69-453E-4C2B-A792-6C22FBFBA961}.Debug|Any CPU.Build.0 = Debug|Any CPU
		{63FD2D69-453E-4C2B-A792-6C22FBFBA961}.Release|Any CPU.ActiveCfg = Release|Any CPU
		{63FD2D69-453E-4C2B-A792-6C22FBFBA961}.Release|Any CPU.Build.0 = Release|Any CPU
	EndGlobalSection
	GlobalSection(SolutionProperties) = preSolution
		HideSolutionNode = FALSE
	EndGlobalSection
	GlobalSection(ExtensibilityGlobals) = postSolution
		SolutionGuid = {FC2F6AA5-74E8-4F54-93BC-8829FDCAB3A8}
	EndGlobalSection
EndGlobal
